// !$*UTF8*$!
{
	archiveVersion = 1;
	classes = {
	};
	objectVersion = 50;
	objects = {

/* Begin PBXBuildFile section */
		4D093AFF21B42A7B0097F14B /* JSONPatchGeneratorTests.swift in Sources */ = {isa = PBXBuildFile; fileRef = 4D093AFE21B42A7B0097F14B /* JSONPatchGeneratorTests.swift */; };
		4D0AF30221987BA100E7F86B /* JSONError.swift in Sources */ = {isa = PBXBuildFile; fileRef = 4D0AF30121987BA100E7F86B /* JSONError.swift */; };
		4D0AF30421987C0A00E7F86B /* JSONElement.swift in Sources */ = {isa = PBXBuildFile; fileRef = 4D0AF30321987C0A00E7F86B /* JSONElement.swift */; };
		4D0AF30621987C8900E7F86B /* JSONPointer.swift in Sources */ = {isa = PBXBuildFile; fileRef = 4D0AF30521987C8900E7F86B /* JSONPointer.swift */; };
		4D0AF308219885A400E7F86B /* JSONPointerTests.swift in Sources */ = {isa = PBXBuildFile; fileRef = 4D0AF307219885A400E7F86B /* JSONPointerTests.swift */; };
		4D22EB28219878DC00729769 /* JSONPatch.swift in Sources */ = {isa = PBXBuildFile; fileRef = 4D22EB27219878DC00729769 /* JSONPatch.swift */; };
		4D22EB35219879EF00729769 /* JSONPatchTests.swift in Sources */ = {isa = PBXBuildFile; fileRef = 4D22EB34219879EF00729769 /* JSONPatchTests.swift */; };
		4D22EB37219879EF00729769 /* libJSONPatch.a in Frameworks */ = {isa = PBXBuildFile; fileRef = 4D22EB24219878DC00729769 /* libJSONPatch.a */; };
		4D305DBD21A020F800CE9C84 /* JSONElementTests.swift in Sources */ = {isa = PBXBuildFile; fileRef = 4D305DBC21A020F800CE9C84 /* JSONElementTests.swift */; };
		4D42776821B28DE1007F4B70 /* JSONPatchCodable.swift in Sources */ = {isa = PBXBuildFile; fileRef = 4D42776721B28DE1007F4B70 /* JSONPatchCodable.swift */; };
		4D452744219B60A2002637CF /* extra.json in Resources */ = {isa = PBXBuildFile; fileRef = 4D452743219B60A2002637CF /* extra.json */; };
		4D471D8F21A353A900E43468 /* bigexample2.json in Resources */ = {isa = PBXBuildFile; fileRef = 4D471D8C21A353A800E43468 /* bigexample2.json */; };
		4D471D9021A353A900E43468 /* bigexample1.json in Resources */ = {isa = PBXBuildFile; fileRef = 4D471D8D21A353A900E43468 /* bigexample1.json */; };
		4D471D9121A353A900E43468 /* bigpatch.json in Resources */ = {isa = PBXBuildFile; fileRef = 4D471D8E21A353A900E43468 /* bigpatch.json */; };
		4D471D9321A3545900E43468 /* Bundle.swift in Sources */ = {isa = PBXBuildFile; fileRef = 4D471D9221A3545900E43468 /* Bundle.swift */; };
		4D5242D021CD6F8100030720 /* ArrayTests.swift in Sources */ = {isa = PBXBuildFile; fileRef = 4D5242CF21CD6F8100030720 /* ArrayTests.swift */; };
		4D7011A1219A0FED005EC1B2 /* tests.json in Resources */ = {isa = PBXBuildFile; fileRef = 4D7011A0219A0FED005EC1B2 /* tests.json */; };
		4D7011A3219A1E43005EC1B2 /* spec_tests.json in Resources */ = {isa = PBXBuildFile; fileRef = 4D7011A2219A1E43005EC1B2 /* spec_tests.json */; };
		4D7E4D0721A6063800BFE359 /* JSONFileTestCase.swift in Sources */ = {isa = PBXBuildFile; fileRef = 4D7E4D0621A6063800BFE359 /* JSONFileTestCase.swift */; };
		4D7E4D0921A60F2D00BFE359 /* TestFileTestCase.swift in Sources */ = {isa = PBXBuildFile; fileRef = 4D7E4D0821A60F2D00BFE359 /* TestFileTestCase.swift */; };
		4D836965219C0909003A38FE /* JSONEquality.swift in Sources */ = {isa = PBXBuildFile; fileRef = 4D836964219C0909003A38FE /* JSONEquality.swift */; };
		4DDA51EB219AAD8D00BA7704 /* NSArray+DeepCopy.swift in Sources */ = {isa = PBXBuildFile; fileRef = 4DDA51EA219AAD8D00BA7704 /* NSArray+DeepCopy.swift */; };
		4DDA51ED219AADE000BA7704 /* NSDictionary+DeepCopy.swift in Sources */ = {isa = PBXBuildFile; fileRef = 4DDA51EC219AADE000BA7704 /* NSDictionary+DeepCopy.swift */; };
		4DF8B18621B1C5E700CAABEE /* JSONPatchGenerator.swift in Sources */ = {isa = PBXBuildFile; fileRef = 4DF8B18521B1C5E700CAABEE /* JSONPatchGenerator.swift */; };
/* End PBXBuildFile section */

/* Begin PBXContainerItemProxy section */
		4D22EB38219879EF00729769 /* PBXContainerItemProxy */ = {
			isa = PBXContainerItemProxy;
			containerPortal = 4D22EB1C219878DC00729769 /* Project object */;
			proxyType = 1;
			remoteGlobalIDString = 4D22EB23219878DC00729769;
			remoteInfo = JSONPatch;
		};
/* End PBXContainerItemProxy section */

/* Begin PBXCopyFilesBuildPhase section */
		4D22EB22219878DC00729769 /* CopyFiles */ = {
			isa = PBXCopyFilesBuildPhase;
			buildActionMask = 2147483647;
			dstPath = "include/$(PRODUCT_NAME)";
			dstSubfolderSpec = 16;
			files = (
			);
			runOnlyForDeploymentPostprocessing = 0;
		};
/* End PBXCopyFilesBuildPhase section */

/* Begin PBXFileReference section */
		4D093AFE21B42A7B0097F14B /* JSONPatchGeneratorTests.swift */ = {isa = PBXFileReference; lastKnownFileType = sourcecode.swift; path = JSONPatchGeneratorTests.swift; sourceTree = "<group>"; };
		4D0AF30121987BA100E7F86B /* JSONError.swift */ = {isa = PBXFileReference; lastKnownFileType = sourcecode.swift; path = JSONError.swift; sourceTree = "<group>"; };
		4D0AF30321987C0A00E7F86B /* JSONElement.swift */ = {isa = PBXFileReference; lastKnownFileType = sourcecode.swift; path = JSONElement.swift; sourceTree = "<group>"; };
		4D0AF30521987C8900E7F86B /* JSONPointer.swift */ = {isa = PBXFileReference; lastKnownFileType = sourcecode.swift; path = JSONPointer.swift; sourceTree = "<group>"; };
		4D0AF307219885A400E7F86B /* JSONPointerTests.swift */ = {isa = PBXFileReference; lastKnownFileType = sourcecode.swift; path = JSONPointerTests.swift; sourceTree = "<group>"; };
		4D22EB24219878DC00729769 /* libJSONPatch.a */ = {isa = PBXFileReference; explicitFileType = archive.ar; includeInIndex = 0; path = libJSONPatch.a; sourceTree = BUILT_PRODUCTS_DIR; };
		4D22EB27219878DC00729769 /* JSONPatch.swift */ = {isa = PBXFileReference; lastKnownFileType = sourcecode.swift; path = JSONPatch.swift; sourceTree = "<group>"; };
		4D22EB32219879EF00729769 /* JSONPatchTests.xctest */ = {isa = PBXFileReference; explicitFileType = wrapper.cfbundle; includeInIndex = 0; path = JSONPatchTests.xctest; sourceTree = BUILT_PRODUCTS_DIR; };
		4D22EB34219879EF00729769 /* JSONPatchTests.swift */ = {isa = PBXFileReference; lastKnownFileType = sourcecode.swift; path = JSONPatchTests.swift; sourceTree = "<group>"; };
		4D22EB36219879EF00729769 /* Info.plist */ = {isa = PBXFileReference; lastKnownFileType = text.plist.xml; path = Info.plist; sourceTree = "<group>"; };
		4D305DBC21A020F800CE9C84 /* JSONElementTests.swift */ = {isa = PBXFileReference; lastKnownFileType = sourcecode.swift; path = JSONElementTests.swift; sourceTree = "<group>"; };
		4D42776721B28DE1007F4B70 /* JSONPatchCodable.swift */ = {isa = PBXFileReference; lastKnownFileType = sourcecode.swift; path = JSONPatchCodable.swift; sourceTree = "<group>"; };
		4D452743219B60A2002637CF /* extra.json */ = {isa = PBXFileReference; lastKnownFileType = text.json; path = extra.json; sourceTree = "<group>"; };
		4D471D8C21A353A800E43468 /* bigexample2.json */ = {isa = PBXFileReference; fileEncoding = 4; lastKnownFileType = text.json; path = bigexample2.json; sourceTree = "<group>"; };
		4D471D8D21A353A900E43468 /* bigexample1.json */ = {isa = PBXFileReference; fileEncoding = 4; lastKnownFileType = text.json; path = bigexample1.json; sourceTree = "<group>"; };
		4D471D8E21A353A900E43468 /* bigpatch.json */ = {isa = PBXFileReference; fileEncoding = 4; lastKnownFileType = text.json; path = bigpatch.json; sourceTree = "<group>"; };
		4D471D9221A3545900E43468 /* Bundle.swift */ = {isa = PBXFileReference; lastKnownFileType = sourcecode.swift; path = Bundle.swift; sourceTree = "<group>"; };
		4D5242CF21CD6F8100030720 /* ArrayTests.swift */ = {isa = PBXFileReference; lastKnownFileType = sourcecode.swift; path = ArrayTests.swift; sourceTree = "<group>"; };
		4D7011A0219A0FED005EC1B2 /* tests.json */ = {isa = PBXFileReference; fileEncoding = 4; lastKnownFileType = text.json; path = tests.json; sourceTree = "<group>"; };
		4D7011A2219A1E43005EC1B2 /* spec_tests.json */ = {isa = PBXFileReference; fileEncoding = 4; lastKnownFileType = text.json; path = spec_tests.json; sourceTree = "<group>"; };
		4D7E4D0621A6063800BFE359 /* JSONFileTestCase.swift */ = {isa = PBXFileReference; lastKnownFileType = sourcecode.swift; path = JSONFileTestCase.swift; sourceTree = "<group>"; };
		4D7E4D0821A60F2D00BFE359 /* TestFileTestCase.swift */ = {isa = PBXFileReference; lastKnownFileType = sourcecode.swift; path = TestFileTestCase.swift; sourceTree = "<group>"; };
		4D836964219C0909003A38FE /* JSONEquality.swift */ = {isa = PBXFileReference; lastKnownFileType = sourcecode.swift; path = JSONEquality.swift; sourceTree = "<group>"; };
		4DDA51EA219AAD8D00BA7704 /* NSArray+DeepCopy.swift */ = {isa = PBXFileReference; lastKnownFileType = sourcecode.swift; path = "NSArray+DeepCopy.swift"; sourceTree = "<group>"; };
		4DDA51EC219AADE000BA7704 /* NSDictionary+DeepCopy.swift */ = {isa = PBXFileReference; lastKnownFileType = sourcecode.swift; path = "NSDictionary+DeepCopy.swift"; sourceTree = "<group>"; };
		4DF8B18521B1C5E700CAABEE /* JSONPatchGenerator.swift */ = {isa = PBXFileReference; fileEncoding = 4; lastKnownFileType = sourcecode.swift; path = JSONPatchGenerator.swift; sourceTree = "<group>"; };
/* End PBXFileReference section */

/* Begin PBXFrameworksBuildPhase section */
		4D22EB21219878DC00729769 /* Frameworks */ = {
			isa = PBXFrameworksBuildPhase;
			buildActionMask = 2147483647;
			files = (
			);
			runOnlyForDeploymentPostprocessing = 0;
		};
		4D22EB2F219879EF00729769 /* Frameworks */ = {
			isa = PBXFrameworksBuildPhase;
			buildActionMask = 2147483647;
			files = (
				4D22EB37219879EF00729769 /* libJSONPatch.a in Frameworks */,
			);
			runOnlyForDeploymentPostprocessing = 0;
		};
/* End PBXFrameworksBuildPhase section */

/* Begin PBXGroup section */
		4D22EB1B219878DC00729769 = {
			isa = PBXGroup;
			children = (
				4D22EB26219878DC00729769 /* JSONPatch */,
				4D22EB33219879EF00729769 /* JSONPatchTests */,
				4D22EB25219878DC00729769 /* Products */,
			);
			sourceTree = "<group>";
		};
		4D22EB25219878DC00729769 /* Products */ = {
			isa = PBXGroup;
			children = (
				4D22EB24219878DC00729769 /* libJSONPatch.a */,
				4D22EB32219879EF00729769 /* JSONPatchTests.xctest */,
			);
			name = Products;
			sourceTree = "<group>";
		};
		4D22EB26219878DC00729769 /* JSONPatch */ = {
			isa = PBXGroup;
			children = (
				4D0AF30321987C0A00E7F86B /* JSONElement.swift */,
				4D0AF30121987BA100E7F86B /* JSONError.swift */,
				4D22EB27219878DC00729769 /* JSONPatch.swift */,
				4D0AF30521987C8900E7F86B /* JSONPointer.swift */,
				4DF8B18521B1C5E700CAABEE /* JSONPatchGenerator.swift */,
				4DDA51EA219AAD8D00BA7704 /* NSArray+DeepCopy.swift */,
				4DDA51EC219AADE000BA7704 /* NSDictionary+DeepCopy.swift */,
				4D836964219C0909003A38FE /* JSONEquality.swift */,
				4D42776721B28DE1007F4B70 /* JSONPatchCodable.swift */,
			);
			name = JSONPatch;
			path = Sources/JSONPatch;
			sourceTree = "<group>";
		};
		4D22EB33219879EF00729769 /* JSONPatchTests */ = {
			isa = PBXGroup;
			children = (
				4D471D9221A3545900E43468 /* Bundle.swift */,
				4D452743219B60A2002637CF /* extra.json */,
				4D22EB36219879EF00729769 /* Info.plist */,
				4D5242CF21CD6F8100030720 /* ArrayTests.swift */,
				4D305DBC21A020F800CE9C84 /* JSONElementTests.swift */,
				4D7E4D0621A6063800BFE359 /* JSONFileTestCase.swift */,
				4D093AFE21B42A7B0097F14B /* JSONPatchGeneratorTests.swift */,
				4D22EB34219879EF00729769 /* JSONPatchTests.swift */,
				4D0AF307219885A400E7F86B /* JSONPointerTests.swift */,
				4D7011A2219A1E43005EC1B2 /* spec_tests.json */,
				4D471D8B21A3538000E43468 /* TestData */,
				4D7E4D0821A60F2D00BFE359 /* TestFileTestCase.swift */,
				4D7011A0219A0FED005EC1B2 /* tests.json */,
			);
			name = JSONPatchTests;
			path = Tests/JSONPatchTests;
			sourceTree = "<group>";
		};
		4D471D8B21A3538000E43468 /* TestData */ = {
			isa = PBXGroup;
			children = (
				4D471D8D21A353A900E43468 /* bigexample1.json */,
				4D471D8C21A353A800E43468 /* bigexample2.json */,
				4D471D8E21A353A900E43468 /* bigpatch.json */,
			);
			name = TestData;
			sourceTree = "<group>";
		};
/* End PBXGroup section */

/* Begin PBXNativeTarget section */
		4D22EB23219878DC00729769 /* JSONPatch */ = {
			isa = PBXNativeTarget;
			buildConfigurationList = 4D22EB2B219878DC00729769 /* Build configuration list for PBXNativeTarget "JSONPatch" */;
			buildPhases = (
				4D22EB20219878DC00729769 /* Sources */,
				4D22EB21219878DC00729769 /* Frameworks */,
				4D22EB22219878DC00729769 /* CopyFiles */,
			);
			buildRules = (
			);
			dependencies = (
			);
			name = JSONPatch;
			productName = JSONPatch;
			productReference = 4D22EB24219878DC00729769 /* libJSONPatch.a */;
			productType = "com.apple.product-type.library.static";
		};
		4D22EB31219879EF00729769 /* JSONPatchTests */ = {
			isa = PBXNativeTarget;
			buildConfigurationList = 4D22EB3A219879EF00729769 /* Build configuration list for PBXNativeTarget "JSONPatchTests" */;
			buildPhases = (
				4D22EB2E219879EF00729769 /* Sources */,
				4D22EB2F219879EF00729769 /* Frameworks */,
				4D22EB30219879EF00729769 /* Resources */,
			);
			buildRules = (
			);
			dependencies = (
				4D22EB39219879EF00729769 /* PBXTargetDependency */,
			);
			name = JSONPatchTests;
			productName = JSONPatchTests;
			productReference = 4D22EB32219879EF00729769 /* JSONPatchTests.xctest */;
			productType = "com.apple.product-type.bundle.unit-test";
		};
/* End PBXNativeTarget section */

/* Begin PBXProject section */
		4D22EB1C219878DC00729769 /* Project object */ = {
			isa = PBXProject;
			attributes = {
				LastSwiftUpdateCheck = 1010;
				LastUpgradeCheck = 1010;
				ORGANIZATIONNAME = "Raymond McCrae";
				TargetAttributes = {
					4D22EB23219878DC00729769 = {
						CreatedOnToolsVersion = 10.1;
					};
					4D22EB31219879EF00729769 = {
						CreatedOnToolsVersion = 10.1;
					};
				};
			};
			buildConfigurationList = 4D22EB1F219878DC00729769 /* Build configuration list for PBXProject "JSONPatch" */;
			compatibilityVersion = "Xcode 9.3";
			developmentRegion = en;
			hasScannedForEncodings = 0;
			knownRegions = (
				en,
				Base,
			);
			mainGroup = 4D22EB1B219878DC00729769;
			productRefGroup = 4D22EB25219878DC00729769 /* Products */;
			projectDirPath = "";
			projectRoot = "";
			targets = (
				4D22EB23219878DC00729769 /* JSONPatch */,
				4D22EB31219879EF00729769 /* JSONPatchTests */,
			);
		};
/* End PBXProject section */

/* Begin PBXResourcesBuildPhase section */
		4D22EB30219879EF00729769 /* Resources */ = {
			isa = PBXResourcesBuildPhase;
			buildActionMask = 2147483647;
			files = (
				4D471D8F21A353A900E43468 /* bigexample2.json in Resources */,
				4D7011A3219A1E43005EC1B2 /* spec_tests.json in Resources */,
				4D471D9021A353A900E43468 /* bigexample1.json in Resources */,
				4D471D9121A353A900E43468 /* bigpatch.json in Resources */,
				4D452744219B60A2002637CF /* extra.json in Resources */,
				4D7011A1219A0FED005EC1B2 /* tests.json in Resources */,
			);
			runOnlyForDeploymentPostprocessing = 0;
		};
/* End PBXResourcesBuildPhase section */

/* Begin PBXSourcesBuildPhase section */
		4D22EB20219878DC00729769 /* Sources */ = {
			isa = PBXSourcesBuildPhase;
			buildActionMask = 2147483647;
			files = (
				4D0AF30221987BA100E7F86B /* JSONError.swift in Sources */,
				4DDA51ED219AADE000BA7704 /* NSDictionary+DeepCopy.swift in Sources */,
				4DDA51EB219AAD8D00BA7704 /* NSArray+DeepCopy.swift in Sources */,
				4D0AF30421987C0A00E7F86B /* JSONElement.swift in Sources */,
				4DF8B18621B1C5E700CAABEE /* JSONPatchGenerator.swift in Sources */,
				4D22EB28219878DC00729769 /* JSONPatch.swift in Sources */,
				4D836965219C0909003A38FE /* JSONEquality.swift in Sources */,
				4D42776821B28DE1007F4B70 /* JSONPatchCodable.swift in Sources */,
				4D0AF30621987C8900E7F86B /* JSONPointer.swift in Sources */,
			);
			runOnlyForDeploymentPostprocessing = 0;
		};
		4D22EB2E219879EF00729769 /* Sources */ = {
			isa = PBXSourcesBuildPhase;
			buildActionMask = 2147483647;
			files = (
				4D305DBD21A020F800CE9C84 /* JSONElementTests.swift in Sources */,
				4D093AFF21B42A7B0097F14B /* JSONPatchGeneratorTests.swift in Sources */,
				4D471D9321A3545900E43468 /* Bundle.swift in Sources */,
				4D22EB35219879EF00729769 /* JSONPatchTests.swift in Sources */,
				4D7E4D0721A6063800BFE359 /* JSONFileTestCase.swift in Sources */,
				4D5242D021CD6F8100030720 /* ArrayTests.swift in Sources */,
				4D0AF308219885A400E7F86B /* JSONPointerTests.swift in Sources */,
				4D7E4D0921A60F2D00BFE359 /* TestFileTestCase.swift in Sources */,
			);
			runOnlyForDeploymentPostprocessing = 0;
		};
/* End PBXSourcesBuildPhase section */

/* Begin PBXTargetDependency section */
		4D22EB39219879EF00729769 /* PBXTargetDependency */ = {
			isa = PBXTargetDependency;
			target = 4D22EB23219878DC00729769 /* JSONPatch */;
			targetProxy = 4D22EB38219879EF00729769 /* PBXContainerItemProxy */;
		};
/* End PBXTargetDependency section */

/* Begin XCBuildConfiguration section */
		4D22EB29219878DC00729769 /* Debug */ = {
			isa = XCBuildConfiguration;
			buildSettings = {
				ALWAYS_SEARCH_USER_PATHS = NO;
				CLANG_ANALYZER_NONNULL = YES;
				CLANG_ANALYZER_NUMBER_OBJECT_CONVERSION = YES_AGGRESSIVE;
				CLANG_CXX_LANGUAGE_STANDARD = "gnu++14";
				CLANG_CXX_LIBRARY = "libc++";
				CLANG_ENABLE_MODULES = YES;
				CLANG_ENABLE_OBJC_ARC = YES;
				CLANG_ENABLE_OBJC_WEAK = YES;
				CLANG_WARN_BLOCK_CAPTURE_AUTORELEASING = YES;
				CLANG_WARN_BOOL_CONVERSION = YES;
				CLANG_WARN_COMMA = YES;
				CLANG_WARN_CONSTANT_CONVERSION = YES;
				CLANG_WARN_DEPRECATED_OBJC_IMPLEMENTATIONS = YES;
				CLANG_WARN_DIRECT_OBJC_ISA_USAGE = YES_ERROR;
				CLANG_WARN_DOCUMENTATION_COMMENTS = YES;
				CLANG_WARN_EMPTY_BODY = YES;
				CLANG_WARN_ENUM_CONVERSION = YES;
				CLANG_WARN_INFINITE_RECURSION = YES;
				CLANG_WARN_INT_CONVERSION = YES;
				CLANG_WARN_NON_LITERAL_NULL_CONVERSION = YES;
				CLANG_WARN_OBJC_IMPLICIT_RETAIN_SELF = YES;
				CLANG_WARN_OBJC_LITERAL_CONVERSION = YES;
				CLANG_WARN_OBJC_ROOT_CLASS = YES_ERROR;
				CLANG_WARN_RANGE_LOOP_ANALYSIS = YES;
				CLANG_WARN_STRICT_PROTOTYPES = YES;
				CLANG_WARN_SUSPICIOUS_MOVE = YES;
				CLANG_WARN_UNGUARDED_AVAILABILITY = YES_AGGRESSIVE;
				CLANG_WARN_UNREACHABLE_CODE = YES;
				CLANG_WARN__DUPLICATE_METHOD_MATCH = YES;
				CODE_SIGN_IDENTITY = "iPhone Developer";
				COPY_PHASE_STRIP = NO;
				DEBUG_INFORMATION_FORMAT = dwarf;
				ENABLE_STRICT_OBJC_MSGSEND = YES;
				ENABLE_TESTABILITY = YES;
				GCC_C_LANGUAGE_STANDARD = gnu11;
				GCC_DYNAMIC_NO_PIC = NO;
				GCC_NO_COMMON_BLOCKS = YES;
				GCC_OPTIMIZATION_LEVEL = 0;
				GCC_PREPROCESSOR_DEFINITIONS = (
					"DEBUG=1",
					"$(inherited)",
				);
				GCC_WARN_64_TO_32_BIT_CONVERSION = YES;
				GCC_WARN_ABOUT_RETURN_TYPE = YES_ERROR;
				GCC_WARN_UNDECLARED_SELECTOR = YES;
				GCC_WARN_UNINITIALIZED_AUTOS = YES_AGGRESSIVE;
				GCC_WARN_UNUSED_FUNCTION = YES;
				GCC_WARN_UNUSED_VARIABLE = YES;
				IPHONEOS_DEPLOYMENT_TARGET = 8.0;
				MTL_ENABLE_DEBUG_INFO = INCLUDE_SOURCE;
				MTL_FAST_MATH = YES;
				ONLY_ACTIVE_ARCH = YES;
				SDKROOT = iphoneos;
				SWIFT_ACTIVE_COMPILATION_CONDITIONS = DEBUG;
				SWIFT_OPTIMIZATION_LEVEL = "-Onone";
				SWIFT_VERSION = 5.0;
			};
			name = Debug;
		};
		4D22EB2A219878DC00729769 /* Release */ = {
			isa = XCBuildConfiguration;
			buildSettings = {
				ALWAYS_SEARCH_USER_PATHS = NO;
				CLANG_ANALYZER_NONNULL = YES;
				CLANG_ANALYZER_NUMBER_OBJECT_CONVERSION = YES_AGGRESSIVE;
				CLANG_CXX_LANGUAGE_STANDARD = "gnu++14";
				CLANG_CXX_LIBRARY = "libc++";
				CLANG_ENABLE_MODULES = YES;
				CLANG_ENABLE_OBJC_ARC = YES;
				CLANG_ENABLE_OBJC_WEAK = YES;
				CLANG_WARN_BLOCK_CAPTURE_AUTORELEASING = YES;
				CLANG_WARN_BOOL_CONVERSION = YES;
				CLANG_WARN_COMMA = YES;
				CLANG_WARN_CONSTANT_CONVERSION = YES;
				CLANG_WARN_DEPRECATED_OBJC_IMPLEMENTATIONS = YES;
				CLANG_WARN_DIRECT_OBJC_ISA_USAGE = YES_ERROR;
				CLANG_WARN_DOCUMENTATION_COMMENTS = YES;
				CLANG_WARN_EMPTY_BODY = YES;
				CLANG_WARN_ENUM_CONVERSION = YES;
				CLANG_WARN_INFINITE_RECURSION = YES;
				CLANG_WARN_INT_CONVERSION = YES;
				CLANG_WARN_NON_LITERAL_NULL_CONVERSION = YES;
				CLANG_WARN_OBJC_IMPLICIT_RETAIN_SELF = YES;
				CLANG_WARN_OBJC_LITERAL_CONVERSION = YES;
				CLANG_WARN_OBJC_ROOT_CLASS = YES_ERROR;
				CLANG_WARN_RANGE_LOOP_ANALYSIS = YES;
				CLANG_WARN_STRICT_PROTOTYPES = YES;
				CLANG_WARN_SUSPICIOUS_MOVE = YES;
				CLANG_WARN_UNGUARDED_AVAILABILITY = YES_AGGRESSIVE;
				CLANG_WARN_UNREACHABLE_CODE = YES;
				CLANG_WARN__DUPLICATE_METHOD_MATCH = YES;
				CODE_SIGN_IDENTITY = "iPhone Developer";
				COPY_PHASE_STRIP = NO;
				DEBUG_INFORMATION_FORMAT = "dwarf-with-dsym";
				ENABLE_NS_ASSERTIONS = NO;
				ENABLE_STRICT_OBJC_MSGSEND = YES;
				GCC_C_LANGUAGE_STANDARD = gnu11;
				GCC_NO_COMMON_BLOCKS = YES;
				GCC_WARN_64_TO_32_BIT_CONVERSION = YES;
				GCC_WARN_ABOUT_RETURN_TYPE = YES_ERROR;
				GCC_WARN_UNDECLARED_SELECTOR = YES;
				GCC_WARN_UNINITIALIZED_AUTOS = YES_AGGRESSIVE;
				GCC_WARN_UNUSED_FUNCTION = YES;
				GCC_WARN_UNUSED_VARIABLE = YES;
				IPHONEOS_DEPLOYMENT_TARGET = 8.0;
				MTL_ENABLE_DEBUG_INFO = NO;
				MTL_FAST_MATH = YES;
				SDKROOT = iphoneos;
				SWIFT_COMPILATION_MODE = wholemodule;
				SWIFT_OPTIMIZATION_LEVEL = "-O";
				SWIFT_VERSION = 5.0;
				VALIDATE_PRODUCT = YES;
			};
			name = Release;
		};
		4D22EB2C219878DC00729769 /* Debug */ = {
			isa = XCBuildConfiguration;
			buildSettings = {
				CODE_SIGN_STYLE = Automatic;
				DEVELOPMENT_TEAM = K4NMNJAGZ8;
				OTHER_LDFLAGS = "-ObjC";
				PRODUCT_MODULE_NAME = JSONPatch;
				PRODUCT_NAME = "$(TARGET_NAME)";
				SKIP_INSTALL = YES;
				TARGETED_DEVICE_FAMILY = "1,2";
			};
			name = Debug;
		};
		4D22EB2D219878DC00729769 /* Release */ = {
			isa = XCBuildConfiguration;
			buildSettings = {
				CODE_SIGN_STYLE = Automatic;
				DEVELOPMENT_TEAM = K4NMNJAGZ8;
				OTHER_LDFLAGS = "-ObjC";
				PRODUCT_MODULE_NAME = JSONPatch;
				PRODUCT_NAME = "$(TARGET_NAME)";
				SKIP_INSTALL = YES;
				TARGETED_DEVICE_FAMILY = "1,2";
			};
			name = Release;
		};
		4D22EB3B219879EF00729769 /* Debug */ = {
			isa = XCBuildConfiguration;
			buildSettings = {
				CODE_SIGN_STYLE = Automatic;
				DEVELOPMENT_TEAM = K4NMNJAGZ8;
				INFOPLIST_FILE = Tests/JSONPatchTests/Info.plist;
				LD_RUNPATH_SEARCH_PATHS = (
					"$(inherited)",
					"@executable_path/Frameworks",
					"@loader_path/Frameworks",
				);
				PRODUCT_BUNDLE_IDENTIFIER = scot.raymccrae.JSONPatchTests;
				PRODUCT_NAME = "$(TARGET_NAME)";
				TARGETED_DEVICE_FAMILY = "1,2";
			};
			name = Debug;
		};
		4D22EB3C219879EF00729769 /* Release */ = {
			isa = XCBuildConfiguration;
			buildSettings = {
				CODE_SIGN_STYLE = Automatic;
				DEVELOPMENT_TEAM = K4NMNJAGZ8;
				INFOPLIST_FILE = Tests/JSONPatchTests/Info.plist;
				LD_RUNPATH_SEARCH_PATHS = (
					"$(inherited)",
					"@executable_path/Frameworks",
					"@loader_path/Frameworks",
				);
				PRODUCT_BUNDLE_IDENTIFIER = scot.raymccrae.JSONPatchTests;
				PRODUCT_NAME = "$(TARGET_NAME)";
				TARGETED_DEVICE_FAMILY = "1,2";
			};
			name = Release;
		};
/* End XCBuildConfiguration section */

/* Begin XCConfigurationList section */
		4D22EB1F219878DC00729769 /* Build configuration list for PBXProject "JSONPatch" */ = {
			isa = XCConfigurationList;
			buildConfigurations = (
				4D22EB29219878DC00729769 /* Debug */,
				4D22EB2A219878DC00729769 /* Release */,
			);
			defaultConfigurationIsVisible = 0;
			defaultConfigurationName = Release;
		};
		4D22EB2B219878DC00729769 /* Build configuration list for PBXNativeTarget "JSONPatch" */ = {
			isa = XCConfigurationList;
			buildConfigurations = (
				4D22EB2C219878DC00729769 /* Debug */,
				4D22EB2D219878DC00729769 /* Release */,
			);
			defaultConfigurationIsVisible = 0;
			defaultConfigurationName = Release;
		};
		4D22EB3A219879EF00729769 /* Build configuration list for PBXNativeTarget "JSONPatchTests" */ = {
			isa = XCConfigurationList;
			buildConfigurations = (
				4D22EB3B219879EF00729769 /* Debug */,
				4D22EB3C219879EF00729769 /* Release */,
			);
			defaultConfigurationIsVisible = 0;
			defaultConfigurationName = Release;
		};
/* End XCConfigurationList section */
	};
	rootObject = 4D22EB1C219878DC00729769 /* Project object */;
}
